<?xml version="1.0" encoding="utf-8"?>
<Project ToolsVersion="4.0" xmlns="http://schemas.microsoft.com/developer/msbuild/2003">
  <ItemGroup>
    <Filter Include="Заголовочные файлы">
      <UniqueIdentifier>{93995380-89BD-4b04-88EB-625FBE52EBFB}</UniqueIdentifier>
      <Extensions>h;hh;hpp;hxx;hm;inl;inc;xsd</Extensions>
    </Filter>
    <Filter Include="Заголовочные файлы\GameObject">
      <UniqueIdentifier>{bcc384d2-66da-4062-94a4-d3360ef1ccd6}</UniqueIdentifier>
    </Filter>
    <Filter Include="Заголовочные файлы\Shaders">
      <UniqueIdentifier>{69f8ad34-3e91-422d-9063-a3cadacb0bb9}</UniqueIdentifier>
    </Filter>
    <Filter Include="Заголовочные файлы\System">
      <UniqueIdentifier>{6fadf5e0-1dd1-42db-a2b2-32d0aacc1d02}</UniqueIdentifier>
    </Filter>
    <Filter Include="Файлы исходного кода">
      <UniqueIdentifier>{4FC737F1-C7A5-4376-A066-2A32D752A2FF}</UniqueIdentifier>
      <Extensions>cpp;c;cc;cxx;def;odl;idl;hpj;bat;asm;asmx</Extensions>
    </Filter>
    <Filter Include="Файлы исходного кода\Shaders">
      <UniqueIdentifier>{62fffc74-606f-49a8-9784-837ccf8e9032}</UniqueIdentifier>
    </Filter>
    <Filter Include="Файлы исходного кода\GameObject">
      <UniqueIdentifier>{af2553ca-b69b-42a6-a39a-0288c31134a7}</UniqueIdentifier>
    </Filter>
    <Filter Include="Файлы исходного кода\System">
      <UniqueIdentifier>{babe1972-dbfb-4363-9519-5c85a037ea61}</UniqueIdentifier>
    </Filter>
  </ItemGroup>
  <ItemGroup>
    <Text Include="ReadMe.txt" />
  </ItemGroup>
  <ItemGroup>
    <ClInclude Include="StandardShader.h">
      <Filter>Заголовочные файлы\Shaders</Filter>
    </ClInclude>
    <ClInclude Include="LightShader.h">
      <Filter>Заголовочные файлы\Shaders</Filter>
    </ClInclude>
    <ClInclude Include="GameObject.h">
      <Filter>Заголовочные файлы\GameObject</Filter>
    </ClInclude>
    <ClInclude Include="Component.h">
      <Filter>Заголовочные файлы\GameObject</Filter>
    </ClInclude>
    <ClInclude Include="Mesh.h">
      <Filter>Заголовочные файлы\GameObject</Filter>
    </ClInclude>
    <ClInclude Include="Model.h">
      <Filter>Заголовочные файлы\GameObject</Filter>
    </ClInclude>
    <ClInclude Include="Shader.h">
      <Filter>Заголовочные файлы\Shaders</Filter>
    </ClInclude>
    <ClInclude Include="Transform.h">
      <Filter>Заголовочные файлы\GameObject</Filter>
    </ClInclude>
    <ClInclude Include="MainWindow.h">
      <Filter>Заголовочные файлы\System</Filter>
    </ClInclude>
    <ClInclude Include="Graphics.h">
      <Filter>Заголовочные файлы\System</Filter>
    </ClInclude>
    <ClInclude Include="Camera.h">
      <Filter>Заголовочные файлы\System</Filter>
    </ClInclude>
    <ClInclude Include="resource.h">
      <Filter>Заголовочные файлы\System</Filter>
    </ClInclude>
    <ClInclude Include="stb_image.h">
      <Filter>Заголовочные файлы\GameObject</Filter>
    </ClInclude>
    <ClInclude Include="LightSources.h">
      <Filter>Заголовочные файлы\Shaders</Filter>
    </ClInclude>
    <ClInclude Include="SkyBox.h">
      <Filter>Заголовочные файлы\System</Filter>
    </ClInclude>
    <ClInclude Include="Terrain.h">
      <Filter>Заголовочные файлы\System</Filter>
    </ClInclude>
    <ClInclude Include="NovaGL.h">
      <Filter>Заголовочные файлы</Filter>
    </ClInclude>
    <ClInclude Include="StandardBlendedShader.h">
      <Filter>Заголовочные файлы\Shaders</Filter>
    </ClInclude>
    <ClInclude Include="ScreenShader.h">
      <Filter>Заголовочные файлы\Shaders</Filter>
    </ClInclude>
    <ClInclude Include="Framebuffer.h">
      <Filter>Заголовочные файлы\System</Filter>
    </ClInclude>
    <ClInclude Include="GeneratedGameObject.h">
      <Filter>Заголовочные файлы\System</Filter>
    </ClInclude>
    <ClInclude Include="SkyboxShader.h">
      <Filter>Заголовочные файлы\Shaders</Filter>
    </ClInclude>
    <ClInclude Include="SkyboxTransform.h">
      <Filter>Заголовочные файлы</Filter>
    </ClInclude>
    <ClInclude Include="ReflectiveShader.h">
      <Filter>Заголовочные файлы\Shaders</Filter>
    </ClInclude>
    <ClInclude Include="RefractiveShader.h">
      <Filter>Заголовочные файлы</Filter>
    </ClInclude>
  </ItemGroup>
  <ItemGroup>
    <ClCompile Include="Shader.cpp">
      <Filter>Файлы исходного кода\Shaders</Filter>
    </ClCompile>
    <ClCompile Include="StandardShader.cpp">
      <Filter>Файлы исходного кода\Shaders</Filter>
    </ClCompile>
    <ClCompile Include="LightShader.cpp">
      <Filter>Файлы исходного кода\Shaders</Filter>
    </ClCompile>
    <ClCompile Include="Component.cpp">
      <Filter>Файлы исходного кода\GameObject</Filter>
    </ClCompile>
    <ClCompile Include="GameObject.cpp">
      <Filter>Файлы исходного кода\GameObject</Filter>
    </ClCompile>
    <ClCompile Include="Mesh.cpp">
      <Filter>Файлы исходного кода\GameObject</Filter>
    </ClCompile>
    <ClCompile Include="Model.cpp">
      <Filter>Файлы исходного кода\GameObject</Filter>
    </ClCompile>
    <ClCompile Include="Transform.cpp">
      <Filter>Файлы исходного кода\GameObject</Filter>
    </ClCompile>
    <ClCompile Include="Graphics.cpp">
      <Filter>Файлы исходного кода\System</Filter>
    </ClCompile>
    <ClCompile Include="main.cpp">
      <Filter>Файлы исходного кода\System</Filter>
    </ClCompile>
    <ClCompile Include="MainWindow.cpp">
      <Filter>Файлы исходного кода\System</Filter>
    </ClCompile>
    <ClCompile Include="stb_image.c">
      <Filter>Файлы исходного кода\GameObject</Filter>
    </ClCompile>
    <ClCompile Include="Camera.cpp">
      <Filter>Файлы исходного кода\System</Filter>
    </ClCompile>
    <ClCompile Include="LightSources.cpp">
      <Filter>Файлы исходного кода\Shaders</Filter>
    </ClCompile>
    <ClCompile Include="SkyBox.cpp">
      <Filter>Файлы исходного кода\System</Filter>
    </ClCompile>
    <ClCompile Include="Terrain.cpp">
      <Filter>Файлы исходного кода\System</Filter>
    </ClCompile>
    <ClCompile Include="NovaGL.cpp">
      <Filter>Файлы исходного кода</Filter>
    </ClCompile>
    <ClCompile Include="StandardBlendedShader.cpp">
      <Filter>Файлы исходного кода\Shaders</Filter>
    </ClCompile>
    <ClCompile Include="ScreenShader.cpp">
      <Filter>Файлы исходного кода\Shaders</Filter>
    </ClCompile>
    <ClCompile Include="Framebuffer.cpp">
      <Filter>Файлы исходного кода\System</Filter>
    </ClCompile>
    <ClCompile Include="GeneratedGameObject.cpp">
      <Filter>Файлы исходного кода\System</Filter>
    </ClCompile>
    <ClCompile Include="SkyboxShader.cpp">
      <Filter>Файлы исходного кода\Shaders</Filter>
    </ClCompile>
    <ClCompile Include="SkyboxTransform.cpp">
      <Filter>Файлы исходного кода</Filter>
    </ClCompile>
    <ClCompile Include="ReflectiveShader.cpp">
      <Filter>Файлы исходного кода\Shaders</Filter>
    </ClCompile>
    <ClCompile Include="RefractiveShader.cpp">
      <Filter>Файлы исходного кода</Filter>
    </ClCompile>
  </ItemGroup>
</Project>